
Microsoft Visual Studio Solution File, Format Version 12.00
# Visual Studio 14
VisualStudioVersion = 14.0.25420.1
MinimumVisualStudioVersion = 10.0.40219.1
Project("{FAE04EC0-301F-11D3-BF4B-00C04F79EFBC}") = "LISPluginGen", "LISPluginGen\LISPluginGen.csproj", "{D637EDBC-32D2-4A71-AC20-641FD46D2F2F}"
EndProject
Project("{FAE04EC0-301F-11D3-BF4B-00C04F79EFBC}") = "IDAL", "IDAL\IDAL.csproj", "{1AE7A8D0-8826-4D4D-9E71-8CD3D6175319}"
EndProject
Project("{FAE04EC0-301F-11D3-BF4B-00C04F79EFBC}") = "DataAccessLayer", "DataAccessLayer\DataAccessLayer.csproj", "{C9A27A86-5EB3-4182-8BFB-A0A32543BE03}"
EndProject
Project("{FAE04EC0-301F-11D3-BF4B-00C04F79EFBC}") = "GeneralPurposeLib", "Common\GeneralPurposeLib.csproj", "{A1D784D1-835D-425D-BCC8-04C9C04BA474}"
EndProject
Project("{FAE04EC0-301F-11D3-BF4B-00C04F79EFBC}") = "IBLL", "IBLL\IBLL.csproj", "{26F90BA8-92EE-4C58-8C45-DCAC2A9662A9}"
EndProject
Project("{FAE04EC0-301F-11D3-BF4B-00C04F79EFBC}") = "BusinessLogicLayer", "BusinessLogicLayer\BusinessLogicLayer.csproj", "{AF29796E-10E9-482B-99B7-FF8B6E8BE85D}"
EndProject
Project("{FAE04EC0-301F-11D3-BF4B-00C04F79EFBC}") = "ILISPluginGen", "ILISPluginGen\ILISPluginGen.csproj", "{9C4FE02F-3162-4B01-AE0D-4974280ADDFE}"
EndProject
Project("{FAE04EC0-301F-11D3-BF4B-00C04F79EFBC}") = "TestInterno", "TestInterno\TestInterno.csproj", "{FFE5126B-A8E8-4A9D-BAE2-F0BB2D68EFAA}"
EndProject
Global
	GlobalSection(SolutionConfigurationPlatforms) = preSolution
		Debug|Any CPU = Debug|Any CPU
		Release|Any CPU = Release|Any CPU
	EndGlobalSection
	GlobalSection(ProjectConfigurationPlatforms) = postSolution
		{D637EDBC-32D2-4A71-AC20-641FD46D2F2F}.Debug|Any CPU.ActiveCfg = Debug|Any CPU
		{D637EDBC-32D2-4A71-AC20-641FD46D2F2F}.Debug|Any CPU.Build.0 = Debug|Any CPU
		{D637EDBC-32D2-4A71-AC20-641FD46D2F2F}.Release|Any CPU.ActiveCfg = Release|Any CPU
		{D637EDBC-32D2-4A71-AC20-641FD46D2F2F}.Release|Any CPU.Build.0 = Release|Any CPU
		{1AE7A8D0-8826-4D4D-9E71-8CD3D6175319}.Debug|Any CPU.ActiveCfg = Debug|Any CPU
		{1AE7A8D0-8826-4D4D-9E71-8CD3D6175319}.Debug|Any CPU.Build.0 = Debug|Any CPU
		{1AE7A8D0-8826-4D4D-9E71-8CD3D6175319}.Release|Any CPU.ActiveCfg = Release|Any CPU
		{1AE7A8D0-8826-4D4D-9E71-8CD3D6175319}.Release|Any CPU.Build.0 = Release|Any CPU
		{C9A27A86-5EB3-4182-8BFB-A0A32543BE03}.Debug|Any CPU.ActiveCfg = Debug|Any CPU
		{C9A27A86-5EB3-4182-8BFB-A0A32543BE03}.Debug|Any CPU.Build.0 = Debug|Any CPU
		{C9A27A86-5EB3-4182-8BFB-A0A32543BE03}.Debug|Any CPU.Deploy.0 = Debug|Any CPU
		{C9A27A86-5EB3-4182-8BFB-A0A32543BE03}.Release|Any CPU.ActiveCfg = Release|Any CPU
		{C9A27A86-5EB3-4182-8BFB-A0A32543BE03}.Release|Any CPU.Build.0 = Release|Any CPU
		{A1D784D1-835D-425D-BCC8-04C9C04BA474}.Debug|Any CPU.ActiveCfg = Debug|Any CPU
		{A1D784D1-835D-425D-BCC8-04C9C04BA474}.Debug|Any CPU.Build.0 = Debug|Any CPU
		{A1D784D1-835D-425D-BCC8-04C9C04BA474}.Release|Any CPU.ActiveCfg = Release|Any CPU
		{A1D784D1-835D-425D-BCC8-04C9C04BA474}.Release|Any CPU.Build.0 = Release|Any CPU
		{26F90BA8-92EE-4C58-8C45-DCAC2A9662A9}.Debug|Any CPU.ActiveCfg = Debug|Any CPU
		{26F90BA8-92EE-4C58-8C45-DCAC2A9662A9}.Debug|Any CPU.Build.0 = Debug|Any CPU
		{26F90BA8-92EE-4C58-8C45-DCAC2A9662A9}.Release|Any CPU.ActiveCfg = Release|Any CPU
		{26F90BA8-92EE-4C58-8C45-DCAC2A9662A9}.Release|Any CPU.Build.0 = Release|Any CPU
		{AF29796E-10E9-482B-99B7-FF8B6E8BE85D}.Debug|Any CPU.ActiveCfg = Debug|Any CPU
		{AF29796E-10E9-482B-99B7-FF8B6E8BE85D}.Debug|Any CPU.Build.0 = Debug|Any CPU
		{AF29796E-10E9-482B-99B7-FF8B6E8BE85D}.Release|Any CPU.ActiveCfg = Release|Any CPU
		{AF29796E-10E9-482B-99B7-FF8B6E8BE85D}.Release|Any CPU.Build.0 = Release|Any CPU
		{9C4FE02F-3162-4B01-AE0D-4974280ADDFE}.Debug|Any CPU.ActiveCfg = Debug|Any CPU
		{9C4FE02F-3162-4B01-AE0D-4974280ADDFE}.Debug|Any CPU.Build.0 = Debug|Any CPU
		{9C4FE02F-3162-4B01-AE0D-4974280ADDFE}.Release|Any CPU.ActiveCfg = Release|Any CPU
		{9C4FE02F-3162-4B01-AE0D-4974280ADDFE}.Release|Any CPU.Build.0 = Release|Any CPU
		{FFE5126B-A8E8-4A9D-BAE2-F0BB2D68EFAA}.Debug|Any CPU.ActiveCfg = Debug|Any CPU
		{FFE5126B-A8E8-4A9D-BAE2-F0BB2D68EFAA}.Debug|Any CPU.Build.0 = Debug|Any CPU
		{FFE5126B-A8E8-4A9D-BAE2-F0BB2D68EFAA}.Release|Any CPU.ActiveCfg = Release|Any CPU
		{FFE5126B-A8E8-4A9D-BAE2-F0BB2D68EFAA}.Release|Any CPU.Build.0 = Release|Any CPU
	EndGlobalSection
	GlobalSection(SolutionProperties) = preSolution
		HideSolutionNode = FALSE
	EndGlobalSection
EndGlobal
